
Microsoft Visual Studio Solution File, Format Version 12.00
# Visual Studio Version 17
VisualStudioVersion = 17.5.33414.496
MinimumVisualStudioVersion = 10.0.40219.1
Project("{FAE04EC0-301F-11D3-BF4B-00C04F79EFBC}") = "DentalClinicManagement", "DentalClinicManagement\DentalClinicManagement.csproj", "{211EFA19-9CFC-4B11-90B1-641EE74061FD}"
EndProject
Global
	GlobalSection(SolutionConfigurationPlatforms) = preSolution
		Debug|Any CPU = Debug|Any CPU
		Release|Any CPU = Release|Any CPU
	EndGlobalSection
	GlobalSection(ProjectConfigurationPlatforms) = postSolution
		{211EFA19-9CFC-4B11-90B1-641EE74061FD}.Debug|Any CPU.ActiveCfg = Debug|Any CPU
		{211EFA19-9CFC-4B11-90B1-641EE74061FD}.Debug|Any CPU.Build.0 = Debug|Any CPU
		{211EFA19-9CFC-4B11-90B1-641EE74061FD}.Release|Any CPU.ActiveCfg = Release|Any CPU
		{211EFA19-9CFC-4B11-90B1-641EE74061FD}.Release|Any CPU.Build.0 = Release|Any CPU
	EndGlobalSection
	GlobalSection(SolutionProperties) = preSolution
		HideSolutionNode = FALSE
	EndGlobalSection
	GlobalSection(ExtensibilityGlobals) = postSolution
		SolutionGuid = {946A365B-22CC-445F-AB97-A51D3C38275F}
	EndGlobalSection
EndGlobal
